{
  "name": "tree-sitter-uranite",
  "version": "0.1.0",
  "lockfileVersion": 3,
  "requires": true,
  "packages": {
    "": {
      "name": "tree-sitter-uranite",
      "version": "0.1.0",
      "license": "GPL-3.0-or-later",
      "dependencies": {
        "nan": "^2.18.0"
      },
      "devDependencies": {
        "tree-sitter-cli": "^0.22.6"
      }
    },
    "node_modules/nan": {
      "version": "2.27.0",
      "resolved": "https://registry.npmjs.org/nan/-/nan-2.27.0.tgz",
      "integrity": "sha512-hC+0LidcL3XE4rp1C4H54KujgXKzbfyTngZTwBByQxsOxCEKZT0MPQ4hOKUH2jU1OYstqdDH4onyHPDzcV0XdQ==",
      "license": "MIT"
    },
    "node_modules/tree-sitter-cli": {
      "version": "0.22.6",
      "resolved": "https://registry.npmjs.org/tree-sitter-cli/-/tree-sitter-cli-0.22.6.tgz",
      "integrity": "sha512-s7mYOJXi8sIFkt/nLJSqlYZP96VmKTc3BAwIX0rrrlRxWjWuCwixFqwzxWZBQz4R8Hx01iP7z3cT3ih58BUmZQ==",
      "dev": true,
      "hasInstallScript": true,
      "license": "MIT",
      "bin": {
        "tree-sitter": "cli.js"
      }
    }
  }
}
